
Microsoft Visual Studio Solution File, Format Version 12.00
# Visual Studio 14
VisualStudioVersion = 14.0.23107.0
MinimumVisualStudioVersion = 10.0.40219.1
Project("{FAE04EC0-301F-11D3-BF4B-00C04F79EFBC}") = "SvgToVectorDrawableConverter", "SvgToVectorDrawableConverter\SvgToVectorDrawableConverter.csproj", "{065B2607-256B-4F86-8367-7197F6F5EA3B}"
EndProject
Project("{2150E333-8FDC-42A3-9474-1A3956D46DE8}") = "Solution Items", "Solution Items", "{186FF282-D80F-4412-8739-1A8CABC6FF79}"
	ProjectSection(SolutionItems) = preProject
		ILMerge.CSharp.targets = ILMerge.CSharp.targets
	EndProjectSection
EndProject
Project("{FAE04EC0-301F-11D3-BF4B-00C04F79EFBC}") = "PathFillTypeConverter", "PathFillTypeConverter\PathFillTypeConverter.csproj", "{AF734CDC-3D9E-437D-93BB-1D75C01F5363}"
EndProject
Global
	GlobalSection(SolutionConfigurationPlatforms) = preSolution
		Debug|Any CPU = Debug|Any CPU
		Release|Any CPU = Release|Any CPU
	EndGlobalSection
	GlobalSection(ProjectConfigurationPlatforms) = postSolution
		{065B2607-256B-4F86-8367-7197F6F5EA3B}.Debug|Any CPU.ActiveCfg = Debug|Any CPU
		{065B2607-256B-4F86-8367-7197F6F5EA3B}.Debug|Any CPU.Build.0 = Debug|Any CPU
		{065B2607-256B-4F86-8367-7197F6F5EA3B}.Release|Any CPU.ActiveCfg = Release|Any CPU
		{065B2607-256B-4F86-8367-7197F6F5EA3B}.Release|Any CPU.Build.0 = Release|Any CPU
		{AF734CDC-3D9E-437D-93BB-1D75C01F5363}.Debug|Any CPU.ActiveCfg = Debug|Any CPU
		{AF734CDC-3D9E-437D-93BB-1D75C01F5363}.Debug|Any CPU.Build.0 = Debug|Any CPU
		{AF734CDC-3D9E-437D-93BB-1D75C01F5363}.Release|Any CPU.ActiveCfg = Release|Any CPU
		{AF734CDC-3D9E-437D-93BB-1D75C01F5363}.Release|Any CPU.Build.0 = Release|Any CPU
	EndGlobalSection
	GlobalSection(SolutionProperties) = preSolution
		HideSolutionNode = FALSE
	EndGlobalSection
EndGlobal
